
Microsoft Visual Studio Solution File, Format Version 12.00
# Visual Studio Version 16
VisualStudioVersion = 16.0.29806.167
MinimumVisualStudioVersion = 10.0.40219.1
Project("{FAE04EC0-301F-11D3-BF4B-00C04F79EFBC}") = "Farmacie", "Farmacie.csproj", "{FBC2686A-3E35-473B-9CFD-C8F92B17B461}"
EndProject
Global
	GlobalSection(SolutionConfigurationPlatforms) = preSolution
		Debug|Any CPU = Debug|Any CPU
		Release|Any CPU = Release|Any CPU
	EndGlobalSection
	GlobalSection(ProjectConfigurationPlatforms) = postSolution
		{FBC2686A-3E35-473B-9CFD-C8F92B17B461}.Debug|Any CPU.ActiveCfg = Debug|Any CPU
		{FBC2686A-3E35-473B-9CFD-C8F92B17B461}.Debug|Any CPU.Build.0 = Debug|Any CPU
		{FBC2686A-3E35-473B-9CFD-C8F92B17B461}.Release|Any CPU.ActiveCfg = Release|Any CPU
		{FBC2686A-3E35-473B-9CFD-C8F92B17B461}.Release|Any CPU.Build.0 = Release|Any CPU
	EndGlobalSection
	GlobalSection(SolutionProperties) = preSolution
		HideSolutionNode = FALSE
	EndGlobalSection
	GlobalSection(ExtensibilityGlobals) = postSolution
		SolutionGuid = {23277660-9ED6-46B0-BE90-EA8E543CCF27}
	EndGlobalSection
EndGlobal
